
Microsoft Visual Studio Solution File, Format Version 12.00
# Visual Studio Version 16
VisualStudioVersion = 16.0.30503.244
MinimumVisualStudioVersion = 10.0.40219.1
Project("{9A19103F-16F7-4668-BE54-9A1E7A4F7556}") = "Box", "Box\Box.csproj", "{4C4FB113-6155-4A6B-B767-8C195BEA672D}"
EndProject
Project("{9A19103F-16F7-4668-BE54-9A1E7A4F7556}") = "ShoppingSpree", "ShoppingSpree\ShoppingSpree.csproj", "{CAB837CA-E4A1-4F71-9721-E271AFC7AC56}"
EndProject
Project("{FAE04EC0-301F-11D3-BF4B-00C04F79EFBC}") = "PizzaCalories", "PizzaCalories\PizzaCalories.csproj", "{611DC68A-B6FF-4A04-AF48-9A5F546521B9}"
EndProject
Project("{FAE04EC0-301F-11D3-BF4B-00C04F79EFBC}") = "FootballTeamGenerator", "FootballTeamGenerator\FootballTeamGenerator.csproj", "{930667F1-F01F-44CE-8039-6D72BBA601E1}"
EndProject
Global
	GlobalSection(SolutionConfigurationPlatforms) = preSolution
		Debug|Any CPU = Debug|Any CPU
		Release|Any CPU = Release|Any CPU
	EndGlobalSection
	GlobalSection(ProjectConfigurationPlatforms) = postSolution
		{4C4FB113-6155-4A6B-B767-8C195BEA672D}.Debug|Any CPU.ActiveCfg = Debug|Any CPU
		{4C4FB113-6155-4A6B-B767-8C195BEA672D}.Debug|Any CPU.Build.0 = Debug|Any CPU
		{4C4FB113-6155-4A6B-B767-8C195BEA672D}.Release|Any CPU.ActiveCfg = Release|Any CPU
		{4C4FB113-6155-4A6B-B767-8C195BEA672D}.Release|Any CPU.Build.0 = Release|Any CPU
		{CAB837CA-E4A1-4F71-9721-E271AFC7AC56}.Debug|Any CPU.ActiveCfg = Debug|Any CPU
		{CAB837CA-E4A1-4F71-9721-E271AFC7AC56}.Debug|Any CPU.Build.0 = Debug|Any CPU
		{CAB837CA-E4A1-4F71-9721-E271AFC7AC56}.Release|Any CPU.ActiveCfg = Release|Any CPU
		{CAB837CA-E4A1-4F71-9721-E271AFC7AC56}.Release|Any CPU.Build.0 = Release|Any CPU
		{611DC68A-B6FF-4A04-AF48-9A5F546521B9}.Debug|Any CPU.ActiveCfg = Debug|Any CPU
		{611DC68A-B6FF-4A04-AF48-9A5F546521B9}.Debug|Any CPU.Build.0 = Debug|Any CPU
		{611DC68A-B6FF-4A04-AF48-9A5F546521B9}.Release|Any CPU.ActiveCfg = Release|Any CPU
		{611DC68A-B6FF-4A04-AF48-9A5F546521B9}.Release|Any CPU.Build.0 = Release|Any CPU
		{930667F1-F01F-44CE-8039-6D72BBA601E1}.Debug|Any CPU.ActiveCfg = Debug|Any CPU
		{930667F1-F01F-44CE-8039-6D72BBA601E1}.Debug|Any CPU.Build.0 = Debug|Any CPU
		{930667F1-F01F-44CE-8039-6D72BBA601E1}.Release|Any CPU.ActiveCfg = Release|Any CPU
		{930667F1-F01F-44CE-8039-6D72BBA601E1}.Release|Any CPU.Build.0 = Release|Any CPU
	EndGlobalSection
	GlobalSection(SolutionProperties) = preSolution
		HideSolutionNode = FALSE
	EndGlobalSection
	GlobalSection(ExtensibilityGlobals) = postSolution
		SolutionGuid = {BFF988B6-F1DC-4C74-A4D4-FA6CC26CAD9B}
	EndGlobalSection
EndGlobal
